
Microsoft Visual Studio Solution File, Format Version 12.00
# Visual Studio Version 16
VisualStudioVersion = 16.0.29709.97
MinimumVisualStudioVersion = 10.0.40219.1
Project("{9A19103F-16F7-4668-BE54-9A1E7A4F7556}") = "Youtube", "Youtube.csproj", "{07E41B26-428C-44EB-9B1C-A1F379746E11}"
EndProject
Project("{FAE04EC0-301F-11D3-BF4B-00C04F79EFBC}") = "XUnitTestYoutube", "..\XUnitTestYoutube\XUnitTestYoutube.csproj", "{7813D9F0-33E5-4BAB-9BDE-CE40B0BF5369}"
EndProject
Global
	GlobalSection(SolutionConfigurationPlatforms) = preSolution
		Debug|Any CPU = Debug|Any CPU
		Release|Any CPU = Release|Any CPU
	EndGlobalSection
	GlobalSection(ProjectConfigurationPlatforms) = postSolution
		{07E41B26-428C-44EB-9B1C-A1F379746E11}.Debug|Any CPU.ActiveCfg = Debug|Any CPU
		{07E41B26-428C-44EB-9B1C-A1F379746E11}.Debug|Any CPU.Build.0 = Debug|Any CPU
		{07E41B26-428C-44EB-9B1C-A1F379746E11}.Release|Any CPU.ActiveCfg = Release|Any CPU
		{07E41B26-428C-44EB-9B1C-A1F379746E11}.Release|Any CPU.Build.0 = Release|Any CPU
		{7813D9F0-33E5-4BAB-9BDE-CE40B0BF5369}.Debug|Any CPU.ActiveCfg = Debug|Any CPU
		{7813D9F0-33E5-4BAB-9BDE-CE40B0BF5369}.Debug|Any CPU.Build.0 = Debug|Any CPU
		{7813D9F0-33E5-4BAB-9BDE-CE40B0BF5369}.Release|Any CPU.ActiveCfg = Release|Any CPU
		{7813D9F0-33E5-4BAB-9BDE-CE40B0BF5369}.Release|Any CPU.Build.0 = Release|Any CPU
	EndGlobalSection
	GlobalSection(SolutionProperties) = preSolution
		HideSolutionNode = FALSE
	EndGlobalSection
	GlobalSection(ExtensibilityGlobals) = postSolution
		SolutionGuid = {37DA181A-9FB7-44DC-9A51-9AA559221629}
	EndGlobalSection
EndGlobal
